
Microsoft Visual Studio Solution File, Format Version 12.00
# Visual Studio 2013
VisualStudioVersion = 12.0.21005.1
MinimumVisualStudioVersion = 10.0.40219.1
Project("{FAE04EC0-301F-11D3-BF4B-00C04F79EFBC}") = "AnPan.Web", "AnPan.Web\AnPan.Web.csproj", "{ACA2CFDD-574F-4478-AC9A-48C324CD1083}"
EndProject
Project("{FAE04EC0-301F-11D3-BF4B-00C04F79EFBC}") = "AnPan.WebApi", "AnPan.WebApi\AnPan.WebApi.csproj", "{EF6BB9BA-B7A6-47F4-8C3D-5FA2AE3C8C5D}"
EndProject
Project("{FAE04EC0-301F-11D3-BF4B-00C04F79EFBC}") = "AnPan.Entity", "AnPan.Entity\AnPan.Entity.csproj", "{E535E885-49AF-46FA-B82B-26EF7A925B0F}"
EndProject
Global
	GlobalSection(SolutionConfigurationPlatforms) = preSolution
		Debug|Any CPU = Debug|Any CPU
		Release|Any CPU = Release|Any CPU
	EndGlobalSection
	GlobalSection(ProjectConfigurationPlatforms) = postSolution
		{ACA2CFDD-574F-4478-AC9A-48C324CD1083}.Debug|Any CPU.ActiveCfg = Debug|Any CPU
		{ACA2CFDD-574F-4478-AC9A-48C324CD1083}.Debug|Any CPU.Build.0 = Debug|Any CPU
		{ACA2CFDD-574F-4478-AC9A-48C324CD1083}.Release|Any CPU.ActiveCfg = Release|Any CPU
		{ACA2CFDD-574F-4478-AC9A-48C324CD1083}.Release|Any CPU.Build.0 = Release|Any CPU
		{EF6BB9BA-B7A6-47F4-8C3D-5FA2AE3C8C5D}.Debug|Any CPU.ActiveCfg = Debug|Any CPU
		{EF6BB9BA-B7A6-47F4-8C3D-5FA2AE3C8C5D}.Debug|Any CPU.Build.0 = Debug|Any CPU
		{EF6BB9BA-B7A6-47F4-8C3D-5FA2AE3C8C5D}.Release|Any CPU.ActiveCfg = Release|Any CPU
		{EF6BB9BA-B7A6-47F4-8C3D-5FA2AE3C8C5D}.Release|Any CPU.Build.0 = Release|Any CPU
		{E535E885-49AF-46FA-B82B-26EF7A925B0F}.Debug|Any CPU.ActiveCfg = Debug|Any CPU
		{E535E885-49AF-46FA-B82B-26EF7A925B0F}.Debug|Any CPU.Build.0 = Debug|Any CPU
		{E535E885-49AF-46FA-B82B-26EF7A925B0F}.Release|Any CPU.ActiveCfg = Release|Any CPU
		{E535E885-49AF-46FA-B82B-26EF7A925B0F}.Release|Any CPU.Build.0 = Release|Any CPU
	EndGlobalSection
	GlobalSection(SolutionProperties) = preSolution
		HideSolutionNode = FALSE
	EndGlobalSection
EndGlobal
